
Microsoft Visual Studio Solution File, Format Version 12.00
# Visual Studio Version 16
VisualStudioVersion = 16.0.31321.278
MinimumVisualStudioVersion = 10.0.40219.1
Project("{FAE04EC0-301F-11D3-BF4B-00C04F79EFBC}") = "InputConvert", "InputConvert\InputConvert.csproj", "{5C7DAC3B-D129-4940-8BFF-31F631767EF0}"
EndProject
Global
	GlobalSection(SolutionConfigurationPlatforms) = preSolution
		Debug|Any CPU = Debug|Any CPU
		Release|Any CPU = Release|Any CPU
	EndGlobalSection
	GlobalSection(ProjectConfigurationPlatforms) = postSolution
		{5C7DAC3B-D129-4940-8BFF-31F631767EF0}.Debug|Any CPU.ActiveCfg = Debug|Any CPU
		{5C7DAC3B-D129-4940-8BFF-31F631767EF0}.Debug|Any CPU.Build.0 = Debug|Any CPU
		{5C7DAC3B-D129-4940-8BFF-31F631767EF0}.Release|Any CPU.ActiveCfg = Release|Any CPU
		{5C7DAC3B-D129-4940-8BFF-31F631767EF0}.Release|Any CPU.Build.0 = Release|Any CPU
	EndGlobalSection
	GlobalSection(SolutionProperties) = preSolution
		HideSolutionNode = FALSE
	EndGlobalSection
	GlobalSection(ExtensibilityGlobals) = postSolution
		SolutionGuid = {5DA3914D-320C-4F0F-AEA7-3B25A1F4124D}
	EndGlobalSection
EndGlobal
